// !$*UTF8*$!
{
	archiveVersion = 1;
	classes = {
	};
	objectVersion = 46;
	objects = {

/* Begin PBXBuildFile section */
		A00DE7B21EBEA80200817645 /* Viterbi.swift in Sources */ = {isa = PBXBuildFile; fileRef = A00DE7B01EBEA80200817645 /* Viterbi.swift */; };
		A00DE7B31EBEA80200817645 /* VitMostLikelyTagSmoothing.swift in Sources */ = {isa = PBXBuildFile; fileRef = A00DE7B11EBEA80200817645 /* VitMostLikelyTagSmoothing.swift */; };
		A02B5AF01EBF72B800ACBA4E /* Arguments.swift in Sources */ = {isa = PBXBuildFile; fileRef = A02B5AEF1EBF72B800ACBA4E /* Arguments.swift */; };
		A04155071EBE3DEB0031398D /* StreamWriter.swift in Sources */ = {isa = PBXBuildFile; fileRef = A04155061EBE3DEB0031398D /* StreamWriter.swift */; };
		A04D82251EBBF99C0036AAE3 /* BigramDistribution.swift in Sources */ = {isa = PBXBuildFile; fileRef = A04D82241EBBF99C0036AAE3 /* BigramDistribution.swift */; };
		A04D82291EBBFCBE0036AAE3 /* BigramIterator.swift in Sources */ = {isa = PBXBuildFile; fileRef = A04D82281EBBFCBE0036AAE3 /* BigramIterator.swift */; };
		A04D822D1EBC16C10036AAE3 /* BigramSequence.swift in Sources */ = {isa = PBXBuildFile; fileRef = A04D822C1EBC16C10036AAE3 /* BigramSequence.swift */; };
		A074F1971EBD51BA009D71F6 /* Tag.swift in Sources */ = {isa = PBXBuildFile; fileRef = A074F1961EBD51BA009D71F6 /* Tag.swift */; };
		A077AA6B1EBFCD7F0075422B /* SentenceBuilder.swift in Sources */ = {isa = PBXBuildFile; fileRef = A077AA6A1EBFCD7F0075422B /* SentenceBuilder.swift */; };
		A077AA6D1EBFCDFA0075422B /* Trainer.swift in Sources */ = {isa = PBXBuildFile; fileRef = A077AA6C1EBFCDFA0075422B /* Trainer.swift */; };
		A0E883051EB8F54B00CA9197 /* main.swift in Sources */ = {isa = PBXBuildFile; fileRef = A0E883041EB8F54B00CA9197 /* main.swift */; };
		A0E8830C1EB8F5CC00CA9197 /* Counter.swift in Sources */ = {isa = PBXBuildFile; fileRef = A0E8830B1EB8F5CC00CA9197 /* Counter.swift */; };
		A0E8830F1EB941E100CA9197 /* StreamReader.swift in Sources */ = {isa = PBXBuildFile; fileRef = A0E8830E1EB941E100CA9197 /* StreamReader.swift */; };
		A0E883111EB946F500CA9197 /* TaggedSentenceBuilder.swift in Sources */ = {isa = PBXBuildFile; fileRef = A0E883101EB946F500CA9197 /* TaggedSentenceBuilder.swift */; };
		A0F513A41EBACB8E00418687 /* Emissor.swift in Sources */ = {isa = PBXBuildFile; fileRef = A0F513A31EBACB8E00418687 /* Emissor.swift */; };
/* End PBXBuildFile section */

/* Begin PBXCopyFilesBuildPhase section */
		A0E882FF1EB8F54B00CA9197 /* CopyFiles */ = {
			isa = PBXCopyFilesBuildPhase;
			buildActionMask = 2147483647;
			dstPath = /usr/share/man/man1/;
			dstSubfolderSpec = 0;
			files = (
			);
			runOnlyForDeploymentPostprocessing = 1;
		};
/* End PBXCopyFilesBuildPhase section */

/* Begin PBXFileReference section */
		A00DE7B01EBEA80200817645 /* Viterbi.swift */ = {isa = PBXFileReference; fileEncoding = 4; lastKnownFileType = sourcecode.swift; path = Viterbi.swift; sourceTree = "<group>"; };
		A00DE7B11EBEA80200817645 /* VitMostLikelyTagSmoothing.swift */ = {isa = PBXFileReference; fileEncoding = 4; lastKnownFileType = sourcecode.swift; path = VitMostLikelyTagSmoothing.swift; sourceTree = "<group>"; };
		A02B5AEF1EBF72B800ACBA4E /* Arguments.swift */ = {isa = PBXFileReference; fileEncoding = 4; lastKnownFileType = sourcecode.swift; path = Arguments.swift; sourceTree = "<group>"; };
		A04155061EBE3DEB0031398D /* StreamWriter.swift */ = {isa = PBXFileReference; fileEncoding = 4; lastKnownFileType = sourcecode.swift; path = StreamWriter.swift; sourceTree = "<group>"; };
		A04D82241EBBF99C0036AAE3 /* BigramDistribution.swift */ = {isa = PBXFileReference; fileEncoding = 4; lastKnownFileType = sourcecode.swift; path = BigramDistribution.swift; sourceTree = "<group>"; };
		A04D82281EBBFCBE0036AAE3 /* BigramIterator.swift */ = {isa = PBXFileReference; fileEncoding = 4; lastKnownFileType = sourcecode.swift; path = BigramIterator.swift; sourceTree = "<group>"; };
		A04D822C1EBC16C10036AAE3 /* BigramSequence.swift */ = {isa = PBXFileReference; fileEncoding = 4; lastKnownFileType = sourcecode.swift; path = BigramSequence.swift; sourceTree = "<group>"; };
		A074F1961EBD51BA009D71F6 /* Tag.swift */ = {isa = PBXFileReference; fileEncoding = 4; lastKnownFileType = sourcecode.swift; path = Tag.swift; sourceTree = "<group>"; };
		A077AA6A1EBFCD7F0075422B /* SentenceBuilder.swift */ = {isa = PBXFileReference; fileEncoding = 4; lastKnownFileType = sourcecode.swift; path = SentenceBuilder.swift; sourceTree = "<group>"; };
		A077AA6C1EBFCDFA0075422B /* Trainer.swift */ = {isa = PBXFileReference; fileEncoding = 4; lastKnownFileType = sourcecode.swift; path = Trainer.swift; sourceTree = "<group>"; };
		A0E883011EB8F54B00CA9197 /* Markon-Markoff */ = {isa = PBXFileReference; explicitFileType = "compiled.mach-o.executable"; includeInIndex = 0; path = "Markon-Markoff"; sourceTree = BUILT_PRODUCTS_DIR; };
		A0E883041EB8F54B00CA9197 /* main.swift */ = {isa = PBXFileReference; lastKnownFileType = sourcecode.swift; path = main.swift; sourceTree = "<group>"; };
		A0E8830B1EB8F5CC00CA9197 /* Counter.swift */ = {isa = PBXFileReference; fileEncoding = 4; lastKnownFileType = sourcecode.swift; path = Counter.swift; sourceTree = "<group>"; };
		A0E8830E1EB941E100CA9197 /* StreamReader.swift */ = {isa = PBXFileReference; fileEncoding = 4; lastKnownFileType = sourcecode.swift; path = StreamReader.swift; sourceTree = "<group>"; };
		A0E883101EB946F500CA9197 /* TaggedSentenceBuilder.swift */ = {isa = PBXFileReference; fileEncoding = 4; lastKnownFileType = sourcecode.swift; path = TaggedSentenceBuilder.swift; sourceTree = "<group>"; };
		A0F513A31EBACB8E00418687 /* Emissor.swift */ = {isa = PBXFileReference; fileEncoding = 4; lastKnownFileType = sourcecode.swift; path = Emissor.swift; sourceTree = "<group>"; };
/* End PBXFileReference section */

/* Begin PBXFrameworksBuildPhase section */
		A0E882FE1EB8F54B00CA9197 /* Frameworks */ = {
			isa = PBXFrameworksBuildPhase;
			buildActionMask = 2147483647;
			files = (
			);
			runOnlyForDeploymentPostprocessing = 0;
		};
/* End PBXFrameworksBuildPhase section */

/* Begin PBXGroup section */
		A074F1931EBD4C4C009D71F6 /* Analysis */ = {
			isa = PBXGroup;
			children = (
				A00DE7B01EBEA80200817645 /* Viterbi.swift */,
				A00DE7B11EBEA80200817645 /* VitMostLikelyTagSmoothing.swift */,
				A077AA6C1EBFCDFA0075422B /* Trainer.swift */,
			);
			name = Analysis;
			sourceTree = "<group>";
		};
		A0E882F81EB8F54B00CA9197 = {
			isa = PBXGroup;
			children = (
				A0E883031EB8F54B00CA9197 /* Markon-Markoff */,
				A0E883021EB8F54B00CA9197 /* Products */,
			);
			sourceTree = "<group>";
		};
		A0E883021EB8F54B00CA9197 /* Products */ = {
			isa = PBXGroup;
			children = (
				A0E883011EB8F54B00CA9197 /* Markon-Markoff */,
			);
			name = Products;
			sourceTree = "<group>";
		};
		A0E883031EB8F54B00CA9197 /* Markon-Markoff */ = {
			isa = PBXGroup;
			children = (
				A0F513A51EBACE6200418687 /* Utilities */,
				A0E883121EB9471700CA9197 /* IO */,
				A0E8830D1EB8F71300CA9197 /* Data */,
				A074F1931EBD4C4C009D71F6 /* Analysis */,
				A0E883041EB8F54B00CA9197 /* main.swift */,
			);
			path = "Markon-Markoff";
			sourceTree = "<group>";
		};
		A0E8830D1EB8F71300CA9197 /* Data */ = {
			isa = PBXGroup;
			children = (
				A0E883101EB946F500CA9197 /* TaggedSentenceBuilder.swift */,
				A077AA6A1EBFCD7F0075422B /* SentenceBuilder.swift */,
				A0E8830B1EB8F5CC00CA9197 /* Counter.swift */,
				A0F513A31EBACB8E00418687 /* Emissor.swift */,
				A04D82241EBBF99C0036AAE3 /* BigramDistribution.swift */,
			);
			name = Data;
			sourceTree = "<group>";
		};
		A0E883121EB9471700CA9197 /* IO */ = {
			isa = PBXGroup;
			children = (
				A0E8830E1EB941E100CA9197 /* StreamReader.swift */,
				A04155061EBE3DEB0031398D /* StreamWriter.swift */,
				A02B5AEF1EBF72B800ACBA4E /* Arguments.swift */,
			);
			name = IO;
			sourceTree = "<group>";
		};
		A0F513A51EBACE6200418687 /* Utilities */ = {
			isa = PBXGroup;
			children = (
				A04D82281EBBFCBE0036AAE3 /* BigramIterator.swift */,
				A04D822C1EBC16C10036AAE3 /* BigramSequence.swift */,
				A074F1961EBD51BA009D71F6 /* Tag.swift */,
			);
			name = Utilities;
			sourceTree = "<group>";
		};
/* End PBXGroup section */

/* Begin PBXNativeTarget section */
		A0E883001EB8F54B00CA9197 /* Markon-Markoff */ = {
			isa = PBXNativeTarget;
			buildConfigurationList = A0E883081EB8F54B00CA9197 /* Build configuration list for PBXNativeTarget "Markon-Markoff" */;
			buildPhases = (
				A0E882FD1EB8F54B00CA9197 /* Sources */,
				A0E882FE1EB8F54B00CA9197 /* Frameworks */,
				A0E882FF1EB8F54B00CA9197 /* CopyFiles */,
			);
			buildRules = (
			);
			dependencies = (
			);
			name = "Markon-Markoff";
			productName = "Markon-Markoff";
			productReference = A0E883011EB8F54B00CA9197 /* Markon-Markoff */;
			productType = "com.apple.product-type.tool";
		};
/* End PBXNativeTarget section */

/* Begin PBXProject section */
		A0E882F91EB8F54B00CA9197 /* Project object */ = {
			isa = PBXProject;
			attributes = {
				LastSwiftUpdateCheck = 0830;
				LastUpgradeCheck = 0830;
				ORGANIZATIONNAME = "the Odin Spire";
				TargetAttributes = {
					A0E883001EB8F54B00CA9197 = {
						CreatedOnToolsVersion = 8.3.2;
						ProvisioningStyle = Automatic;
					};
				};
			};
			buildConfigurationList = A0E882FC1EB8F54B00CA9197 /* Build configuration list for PBXProject "Markon-Markoff" */;
			compatibilityVersion = "Xcode 3.2";
			developmentRegion = English;
			hasScannedForEncodings = 0;
			knownRegions = (
				en,
			);
			mainGroup = A0E882F81EB8F54B00CA9197;
			productRefGroup = A0E883021EB8F54B00CA9197 /* Products */;
			projectDirPath = "";
			projectRoot = "";
			targets = (
				A0E883001EB8F54B00CA9197 /* Markon-Markoff */,
			);
		};
/* End PBXProject section */

/* Begin PBXSourcesBuildPhase section */
		A0E882FD1EB8F54B00CA9197 /* Sources */ = {
			isa = PBXSourcesBuildPhase;
			buildActionMask = 2147483647;
			files = (
				A04D82291EBBFCBE0036AAE3 /* BigramIterator.swift in Sources */,
				A02B5AF01EBF72B800ACBA4E /* Arguments.swift in Sources */,
				A00DE7B21EBEA80200817645 /* Viterbi.swift in Sources */,
				A0E883111EB946F500CA9197 /* TaggedSentenceBuilder.swift in Sources */,
				A074F1971EBD51BA009D71F6 /* Tag.swift in Sources */,
				A04155071EBE3DEB0031398D /* StreamWriter.swift in Sources */,
				A0E8830F1EB941E100CA9197 /* StreamReader.swift in Sources */,
				A00DE7B31EBEA80200817645 /* VitMostLikelyTagSmoothing.swift in Sources */,
				A0E8830C1EB8F5CC00CA9197 /* Counter.swift in Sources */,
				A077AA6D1EBFCDFA0075422B /* Trainer.swift in Sources */,
				A0E883051EB8F54B00CA9197 /* main.swift in Sources */,
				A077AA6B1EBFCD7F0075422B /* SentenceBuilder.swift in Sources */,
				A0F513A41EBACB8E00418687 /* Emissor.swift in Sources */,
				A04D822D1EBC16C10036AAE3 /* BigramSequence.swift in Sources */,
				A04D82251EBBF99C0036AAE3 /* BigramDistribution.swift in Sources */,
			);
			runOnlyForDeploymentPostprocessing = 0;
		};
/* End PBXSourcesBuildPhase section */

/* Begin XCBuildConfiguration section */
		A0E883061EB8F54B00CA9197 /* Debug */ = {
			isa = XCBuildConfiguration;
			buildSettings = {
				ALWAYS_SEARCH_USER_PATHS = NO;
				CLANG_ANALYZER_NONNULL = YES;
				CLANG_ANALYZER_NUMBER_OBJECT_CONVERSION = YES_AGGRESSIVE;
				CLANG_CXX_LANGUAGE_STANDARD = "gnu++0x";
				CLANG_CXX_LIBRARY = "libc++";
				CLANG_ENABLE_MODULES = YES;
				CLANG_ENABLE_OBJC_ARC = YES;
				CLANG_WARN_BOOL_CONVERSION = YES;
				CLANG_WARN_CONSTANT_CONVERSION = YES;
				CLANG_WARN_DIRECT_OBJC_ISA_USAGE = YES_ERROR;
				CLANG_WARN_DOCUMENTATION_COMMENTS = YES;
				CLANG_WARN_EMPTY_BODY = YES;
				CLANG_WARN_ENUM_CONVERSION = YES;
				CLANG_WARN_INFINITE_RECURSION = YES;
				CLANG_WARN_INT_CONVERSION = YES;
				CLANG_WARN_OBJC_ROOT_CLASS = YES_ERROR;
				CLANG_WARN_SUSPICIOUS_MOVE = YES;
				CLANG_WARN_UNREACHABLE_CODE = YES;
				CLANG_WARN__DUPLICATE_METHOD_MATCH = YES;
				CODE_SIGN_IDENTITY = "-";
				COPY_PHASE_STRIP = NO;
				DEBUG_INFORMATION_FORMAT = dwarf;
				ENABLE_STRICT_OBJC_MSGSEND = YES;
				ENABLE_TESTABILITY = YES;
				GCC_C_LANGUAGE_STANDARD = gnu99;
				GCC_DYNAMIC_NO_PIC = NO;
				GCC_NO_COMMON_BLOCKS = YES;
				GCC_OPTIMIZATION_LEVEL = 0;
				GCC_PREPROCESSOR_DEFINITIONS = (
					"DEBUG=1",
					"$(inherited)",
				);
				GCC_WARN_64_TO_32_BIT_CONVERSION = YES;
				GCC_WARN_ABOUT_RETURN_TYPE = YES_ERROR;
				GCC_WARN_UNDECLARED_SELECTOR = YES;
				GCC_WARN_UNINITIALIZED_AUTOS = YES_AGGRESSIVE;
				GCC_WARN_UNUSED_FUNCTION = YES;
				GCC_WARN_UNUSED_VARIABLE = YES;
				MACOSX_DEPLOYMENT_TARGET = 10.12;
				MTL_ENABLE_DEBUG_INFO = YES;
				ONLY_ACTIVE_ARCH = YES;
				SDKROOT = macosx;
				SWIFT_OPTIMIZATION_LEVEL = "-Onone";
			};
			name = Debug;
		};
		A0E883071EB8F54B00CA9197 /* Release */ = {
			isa = XCBuildConfiguration;
			buildSettings = {
				ALWAYS_SEARCH_USER_PATHS = NO;
				CLANG_ANALYZER_NONNULL = YES;
				CLANG_ANALYZER_NUMBER_OBJECT_CONVERSION = YES_AGGRESSIVE;
				CLANG_CXX_LANGUAGE_STANDARD = "gnu++0x";
				CLANG_CXX_LIBRARY = "libc++";
				CLANG_ENABLE_MODULES = YES;
				CLANG_ENABLE_OBJC_ARC = YES;
				CLANG_WARN_BOOL_CONVERSION = YES;
				CLANG_WARN_CONSTANT_CONVERSION = YES;
				CLANG_WARN_DIRECT_OBJC_ISA_USAGE = YES_ERROR;
				CLANG_WARN_DOCUMENTATION_COMMENTS = YES;
				CLANG_WARN_EMPTY_BODY = YES;
				CLANG_WARN_ENUM_CONVERSION = YES;
				CLANG_WARN_INFINITE_RECURSION = YES;
				CLANG_WARN_INT_CONVERSION = YES;
				CLANG_WARN_OBJC_ROOT_CLASS = YES_ERROR;
				CLANG_WARN_SUSPICIOUS_MOVE = YES;
				CLANG_WARN_UNREACHABLE_CODE = YES;
				CLANG_WARN__DUPLICATE_METHOD_MATCH = YES;
				CODE_SIGN_IDENTITY = "-";
				COPY_PHASE_STRIP = NO;
				DEBUG_INFORMATION_FORMAT = "dwarf-with-dsym";
				ENABLE_NS_ASSERTIONS = NO;
				ENABLE_STRICT_OBJC_MSGSEND = YES;
				GCC_C_LANGUAGE_STANDARD = gnu99;
				GCC_NO_COMMON_BLOCKS = YES;
				GCC_WARN_64_TO_32_BIT_CONVERSION = YES;
				GCC_WARN_ABOUT_RETURN_TYPE = YES_ERROR;
				GCC_WARN_UNDECLARED_SELECTOR = YES;
				GCC_WARN_UNINITIALIZED_AUTOS = YES_AGGRESSIVE;
				GCC_WARN_UNUSED_FUNCTION = YES;
				GCC_WARN_UNUSED_VARIABLE = YES;
				MACOSX_DEPLOYMENT_TARGET = 10.12;
				MTL_ENABLE_DEBUG_INFO = NO;
				SDKROOT = macosx;
			};
			name = Release;
		};
		A0E883091EB8F54B00CA9197 /* Debug */ = {
			isa = XCBuildConfiguration;
			buildSettings = {
				PRODUCT_NAME = "$(TARGET_NAME)";
				SWIFT_VERSION = 3.0;
			};
			name = Debug;
		};
		A0E8830A1EB8F54B00CA9197 /* Release */ = {
			isa = XCBuildConfiguration;
			buildSettings = {
				PRODUCT_NAME = "$(TARGET_NAME)";
				SWIFT_VERSION = 3.0;
			};
			name = Release;
		};
/* End XCBuildConfiguration section */

/* Begin XCConfigurationList section */
		A0E882FC1EB8F54B00CA9197 /* Build configuration list for PBXProject "Markon-Markoff" */ = {
			isa = XCConfigurationList;
			buildConfigurations = (
				A0E883061EB8F54B00CA9197 /* Debug */,
				A0E883071EB8F54B00CA9197 /* Release */,
			);
			defaultConfigurationIsVisible = 0;
			defaultConfigurationName = Release;
		};
		A0E883081EB8F54B00CA9197 /* Build configuration list for PBXNativeTarget "Markon-Markoff" */ = {
			isa = XCConfigurationList;
			buildConfigurations = (
				A0E883091EB8F54B00CA9197 /* Debug */,
				A0E8830A1EB8F54B00CA9197 /* Release */,
			);
			defaultConfigurationIsVisible = 0;
			defaultConfigurationName = Release;
		};
/* End XCConfigurationList section */
	};
	rootObject = A0E882F91EB8F54B00CA9197 /* Project object */;
}
